{
  "name": "cardano-coin-selection",
  "version": "1.1.5",
  "lockfileVersion": 2,
  "requires": true,
  "packages": {
    "": {
      "name": "cardano-coin-selection",
      "version": "1.1.5",
      "license": "MIT",
      "dependencies": {
        "bignumber.js": "^9.1.2",
        "cardano-message-signing": "https://gitpkg.now.sh/Microsxema/cardano-emurgo-forks/cardano-message-signing?main",
        "cardano-serialization-lib": "https://gitpkg.now.sh/Microsxema/cardano-emurgo-forks/cardano-serialization-lib?main"
      }
    },
    "node_modules/base64-js": {
      "version": "1.5.1",
      "resolved": "https://registry.npmjs.org/base64-js/-/base64-js-1.5.1.tgz",
      "integrity": "sha512-AKpaYlHn8t4SVbOHCy+b5+KKgvR4vrsD8vbvrbiQJps7fKDTkjkDry6ji0rUJjC0kzbNePLwzxq8iypo41qeWA==",
      "funding": [
        {
          "type": "github",
          "url": "https://github.com/sponsors/feross"
        },
        {
          "type": "patreon",
          "url": "https://www.patreon.com/feross"
        },
        {
          "type": "consulting",
          "url": "https://feross.org/support"
        }
      ]
    },
    "node_modules/bignumber.js": {
      "version": "9.1.2",
      "resolved": "https://registry.npmjs.org/bignumber.js/-/bignumber.js-9.1.2.tgz",
      "integrity": "sha512-2/mKyZH9K85bzOEfhXDBFZTGd1CTs+5IHpeFQo9luiBG7hghdC851Pj2WAhb6E3R6b9tZj/XKhbg4fum+Kepug==",
      "engines": {
        "node": "*"
      }
    },
    "node_modules/buffer": {
      "version": "6.0.3",
      "resolved": "https://registry.npmjs.org/buffer/-/buffer-6.0.3.tgz",
      "integrity": "sha512-FTiCpNxtwiZZHEZbcbTIcZjERVICn9yq/pDFkTl95/AxzD1naBctN7YO68riM/gLSDY7sdrMby8hofADYuuqOA==",
      "funding": [
        {
          "type": "github",
          "url": "https://github.com/sponsors/feross"
        },
        {
          "type": "patreon",
          "url": "https://www.patreon.com/feross"
        },
        {
          "type": "consulting",
          "url": "https://feross.org/support"
        }
      ],
      "dependencies": {
        "base64-js": "^1.3.1",
        "ieee754": "^1.2.1"
      }
    },
    "node_modules/cardano-message-signing": {
      "version": "1.0.1",
      "resolved": "https://gitpkg.now.sh/Microsxema/cardano-emurgo-forks/cardano-message-signing?main",
      "integrity": "sha512-6o5szQNSnJnMTgLJ3qLSsD9zbf9T30oG+3MY8aDo269r/QpPGldWeKEmf18lbH6PuOvZMEuv9Yuw6pCb49kvDQ==",
      "license": "MIT",
      "dependencies": {
        "buffer": "^6.0.3"
      }
    },
    "node_modules/cardano-serialization-lib": {
      "version": "11.5.0",
      "resolved": "https://gitpkg.now.sh/Microsxema/cardano-emurgo-forks/cardano-serialization-lib?main",
      "integrity": "sha512-MJa8moytSV6r1c8o4FD76rNEdn0NmSZK6N4ocLCmTO6S9SC0BQ2SKkECs2p3ANQ90fmFh1jJONfCPoKMs5feXA==",
      "license": "MIT",
      "dependencies": {
        "buffer": "^6.0.3"
      }
    },
    "node_modules/ieee754": {
      "version": "1.2.1",
      "resolved": "https://registry.npmjs.org/ieee754/-/ieee754-1.2.1.tgz",
      "integrity": "sha512-dcyqhDvX1C46lXZcVqCpK+FtMRQVdIMN6/Df5js2zouUsqG7I6sFxitIC+7KYK29KdXOLHdu9zL4sFnoVQnqaA==",
      "funding": [
        {
          "type": "github",
          "url": "https://github.com/sponsors/feross"
        },
        {
          "type": "patreon",
          "url": "https://www.patreon.com/feross"
        },
        {
          "type": "consulting",
          "url": "https://feross.org/support"
        }
      ]
    }
  },
  "dependencies": {
    "base64-js": {
      "version": "1.5.1",
      "resolved": "https://registry.npmjs.org/base64-js/-/base64-js-1.5.1.tgz",
      "integrity": "sha512-AKpaYlHn8t4SVbOHCy+b5+KKgvR4vrsD8vbvrbiQJps7fKDTkjkDry6ji0rUJjC0kzbNePLwzxq8iypo41qeWA=="
    },
    "bignumber.js": {
      "version": "9.1.2",
      "resolved": "https://registry.npmjs.org/bignumber.js/-/bignumber.js-9.1.2.tgz",
      "integrity": "sha512-2/mKyZH9K85bzOEfhXDBFZTGd1CTs+5IHpeFQo9luiBG7hghdC851Pj2WAhb6E3R6b9tZj/XKhbg4fum+Kepug=="
    },
    "buffer": {
      "version": "6.0.3",
      "resolved": "https://registry.npmjs.org/buffer/-/buffer-6.0.3.tgz",
      "integrity": "sha512-FTiCpNxtwiZZHEZbcbTIcZjERVICn9yq/pDFkTl95/AxzD1naBctN7YO68riM/gLSDY7sdrMby8hofADYuuqOA==",
      "requires": {
        "base64-js": "^1.3.1",
        "ieee754": "^1.2.1"
      }
    },
    "cardano-message-signing": {
      "version": "https://gitpkg.now.sh/Microsxema/cardano-emurgo-forks/cardano-message-signing?main",
      "integrity": "sha512-6o5szQNSnJnMTgLJ3qLSsD9zbf9T30oG+3MY8aDo269r/QpPGldWeKEmf18lbH6PuOvZMEuv9Yuw6pCb49kvDQ==",
      "requires": {
        "buffer": "^6.0.3"
      }
    },
    "cardano-serialization-lib": {
      "version": "https://gitpkg.now.sh/Microsxema/cardano-emurgo-forks/cardano-serialization-lib?main",
      "integrity": "sha512-MJa8moytSV6r1c8o4FD76rNEdn0NmSZK6N4ocLCmTO6S9SC0BQ2SKkECs2p3ANQ90fmFh1jJONfCPoKMs5feXA==",
      "requires": {
        "buffer": "^6.0.3"
      }
    },
    "ieee754": {
      "version": "1.2.1",
      "resolved": "https://registry.npmjs.org/ieee754/-/ieee754-1.2.1.tgz",
      "integrity": "sha512-dcyqhDvX1C46lXZcVqCpK+FtMRQVdIMN6/Df5js2zouUsqG7I6sFxitIC+7KYK29KdXOLHdu9zL4sFnoVQnqaA=="
    }
  }
}
