{
  "name": "cardano-coin-selection",
  "version": "1.1.5",
  "lockfileVersion": 2,
  "requires": true,
  "packages": {
    "": {
      "name": "cardano-coin-selection",
      "version": "1.1.5",
      "license": "MIT",
      "dependencies": {
        "bignumber.js": "^9.1.2",
        "cardano-message-signing": "https://gitpkg.now.sh/Microsxema/cardano-emurgo-forks/cardano-message-signing?main",
        "cardano-serialization-lib": "https://gitpkg.now.sh/Microsxema/cardano-emurgo-forks/cardano-serialization-lib?main"
      }
    },
    "node_modules/bignumber.js": {
      "version": "9.1.2",
      "resolved": "https://registry.npmjs.org/bignumber.js/-/bignumber.js-9.1.2.tgz",
      "integrity": "sha512-2/mKyZH9K85bzOEfhXDBFZTGd1CTs+5IHpeFQo9luiBG7hghdC851Pj2WAhb6E3R6b9tZj/XKhbg4fum+Kepug==",
      "engines": {
        "node": "*"
      }
    },
    "node_modules/cardano-message-signing": {
      "version": "1.0.1",
      "resolved": "https://gitpkg.now.sh/Microsxema/cardano-emurgo-forks/cardano-message-signing?main",
      "integrity": "sha512-QLnbWjpsJUDMQ3HwIoCPOJj7/i4v3OYKCl+N9WAdCYEUz5wb0JYHZ9Sy5/lftHhU7zea2D/fR1tiJOaFCFQY1g==",
      "license": "MIT"
    },
    "node_modules/cardano-serialization-lib": {
      "version": "11.5.0",
      "resolved": "https://gitpkg.now.sh/Microsxema/cardano-emurgo-forks/cardano-serialization-lib?main",
      "integrity": "sha512-AsRAusPLE2LnFKMd5Tdqy5TjW9S5LKRZLYFPxalWeJDvTuEuAoh8P1s7INxkSAgapoU/ekKS8F9FSplCAE7fPw==",
      "license": "MIT"
    }
  },
  "dependencies": {
    "bignumber.js": {
      "version": "9.1.2",
      "resolved": "https://registry.npmjs.org/bignumber.js/-/bignumber.js-9.1.2.tgz",
      "integrity": "sha512-2/mKyZH9K85bzOEfhXDBFZTGd1CTs+5IHpeFQo9luiBG7hghdC851Pj2WAhb6E3R6b9tZj/XKhbg4fum+Kepug=="
    },
    "cardano-message-signing": {
      "version": "https://gitpkg.now.sh/Microsxema/cardano-emurgo-forks/cardano-message-signing?main",
      "integrity": "sha512-QLnbWjpsJUDMQ3HwIoCPOJj7/i4v3OYKCl+N9WAdCYEUz5wb0JYHZ9Sy5/lftHhU7zea2D/fR1tiJOaFCFQY1g=="
    },
    "cardano-serialization-lib": {
      "version": "https://gitpkg.now.sh/Microsxema/cardano-emurgo-forks/cardano-serialization-lib?main",
      "integrity": "sha512-AsRAusPLE2LnFKMd5Tdqy5TjW9S5LKRZLYFPxalWeJDvTuEuAoh8P1s7INxkSAgapoU/ekKS8F9FSplCAE7fPw=="
    }
  }
}
